
Microsoft Visual Studio Solution File, Format Version 12.00
# Visual Studio Version 16
VisualStudioVersion = 16.0.32228.343
MinimumVisualStudioVersion = 10.0.40219.1
Project("{2150E333-8FDC-42A3-9474-1A3956D46DE8}") = "Sample", "Sample", "{BEBFBC53-BD94-4B7F-840C-FFDA11780B46}"
EndProject
Project("{FAE04EC0-301F-11D3-BF4B-00C04F79EFBC}") = "ConsoleApp0411", "Sample\ConsoleApp0411\ConsoleApp0411.csproj", "{813F3446-287B-4A4F-8A0A-80D30D6114C7}"
EndProject
Project("{FAE04EC0-301F-11D3-BF4B-00C04F79EFBC}") = "WindowsFormsApp1", "Sample\WindowsFormsApp1\WindowsFormsApp1.csproj", "{C1FE2DB1-0F98-4C82-A742-89E656F6B1E8}"
EndProject
Project("{FAE04EC0-301F-11D3-BF4B-00C04F79EFBC}") = "BallApp", "Sample\BallApp\BallApp.csproj", "{F1E651B8-78B9-4A97-A0AF-976A4D715B71}"
EndProject
Project("{2150E333-8FDC-42A3-9474-1A3956D46DE8}") = "Chapter01", "Chapter01", "{DD907C61-383D-4736-9DE7-835856CC016A}"
EndProject
Project("{FAE04EC0-301F-11D3-BF4B-00C04F79EFBC}") = "ProductSample", "Chapter01\Product\ProductSample.csproj", "{BB12209B-1F12-4063-90A8-63A5CFA49E1C}"
EndProject
Project("{2150E333-8FDC-42A3-9474-1A3956D46DE8}") = "Chapter02", "Chapter02", "{DB7C47B2-A9AF-4485-AB36-0FF72F271F2C}"
EndProject
Project("{2150E333-8FDC-42A3-9474-1A3956D46DE8}") = "距離換算プログラム", "距離換算プログラム", "{5B24E86F-840A-4FF2-888D-F0071AC80567}"
EndProject
Project("{FAE04EC0-301F-11D3-BF4B-00C04F79EFBC}") = "DistanceConverter", "Chapter02\距離換算プログラム\DistanceConverter\DistanceConverter.csproj", "{6340743B-A497-4A15-AD45-6E757546EEDA}"
EndProject
Project("{2150E333-8FDC-42A3-9474-1A3956D46DE8}") = "売り上げ集計プログラム", "売り上げ集計プログラム", "{F9BB1440-8580-4189-9544-C184825CA728}"
EndProject
Project("{FAE04EC0-301F-11D3-BF4B-00C04F79EFBC}") = "SalesCalculator", "Chapter02\売り上げ集計プログラム\SalesCalculator\SalesCalculator.csproj", "{E833DD02-67F3-4844-ABC3-3C63789DBBAC}"
EndProject
Project("{2150E333-8FDC-42A3-9474-1A3956D46DE8}") = "演習問題", "演習問題", "{5130D8D2-F7B3-4405-AD6F-5C80E40E747E}"
EndProject
Project("{FAE04EC0-301F-11D3-BF4B-00C04F79EFBC}") = "Exercise01", "Chapter02\演習問題\Exercise01\Exercise01.csproj", "{DFD6D4B7-3192-43B5-9525-399C42A48752}"
EndProject
Global
	GlobalSection(SolutionConfigurationPlatforms) = preSolution
		Debug|Any CPU = Debug|Any CPU
		Release|Any CPU = Release|Any CPU
	EndGlobalSection
	GlobalSection(ProjectConfigurationPlatforms) = postSolution
		{813F3446-287B-4A4F-8A0A-80D30D6114C7}.Debug|Any CPU.ActiveCfg = Debug|Any CPU
		{813F3446-287B-4A4F-8A0A-80D30D6114C7}.Debug|Any CPU.Build.0 = Debug|Any CPU
		{813F3446-287B-4A4F-8A0A-80D30D6114C7}.Release|Any CPU.ActiveCfg = Release|Any CPU
		{813F3446-287B-4A4F-8A0A-80D30D6114C7}.Release|Any CPU.Build.0 = Release|Any CPU
		{C1FE2DB1-0F98-4C82-A742-89E656F6B1E8}.Debug|Any CPU.ActiveCfg = Debug|Any CPU
		{C1FE2DB1-0F98-4C82-A742-89E656F6B1E8}.Debug|Any CPU.Build.0 = Debug|Any CPU
		{C1FE2DB1-0F98-4C82-A742-89E656F6B1E8}.Release|Any CPU.ActiveCfg = Release|Any CPU
		{C1FE2DB1-0F98-4C82-A742-89E656F6B1E8}.Release|Any CPU.Build.0 = Release|Any CPU
		{F1E651B8-78B9-4A97-A0AF-976A4D715B71}.Debug|Any CPU.ActiveCfg = Debug|Any CPU
		{F1E651B8-78B9-4A97-A0AF-976A4D715B71}.Debug|Any CPU.Build.0 = Debug|Any CPU
		{F1E651B8-78B9-4A97-A0AF-976A4D715B71}.Release|Any CPU.ActiveCfg = Release|Any CPU
		{F1E651B8-78B9-4A97-A0AF-976A4D715B71}.Release|Any CPU.Build.0 = Release|Any CPU
		{BB12209B-1F12-4063-90A8-63A5CFA49E1C}.Debug|Any CPU.ActiveCfg = Debug|Any CPU
		{BB12209B-1F12-4063-90A8-63A5CFA49E1C}.Debug|Any CPU.Build.0 = Debug|Any CPU
		{BB12209B-1F12-4063-90A8-63A5CFA49E1C}.Release|Any CPU.ActiveCfg = Release|Any CPU
		{BB12209B-1F12-4063-90A8-63A5CFA49E1C}.Release|Any CPU.Build.0 = Release|Any CPU
		{6340743B-A497-4A15-AD45-6E757546EEDA}.Debug|Any CPU.ActiveCfg = Debug|Any CPU
		{6340743B-A497-4A15-AD45-6E757546EEDA}.Debug|Any CPU.Build.0 = Debug|Any CPU
		{6340743B-A497-4A15-AD45-6E757546EEDA}.Release|Any CPU.ActiveCfg = Release|Any CPU
		{6340743B-A497-4A15-AD45-6E757546EEDA}.Release|Any CPU.Build.0 = Release|Any CPU
		{E833DD02-67F3-4844-ABC3-3C63789DBBAC}.Debug|Any CPU.ActiveCfg = Debug|Any CPU
		{E833DD02-67F3-4844-ABC3-3C63789DBBAC}.Debug|Any CPU.Build.0 = Debug|Any CPU
		{E833DD02-67F3-4844-ABC3-3C63789DBBAC}.Release|Any CPU.ActiveCfg = Release|Any CPU
		{E833DD02-67F3-4844-ABC3-3C63789DBBAC}.Release|Any CPU.Build.0 = Release|Any CPU
		{DFD6D4B7-3192-43B5-9525-399C42A48752}.Debug|Any CPU.ActiveCfg = Debug|Any CPU
		{DFD6D4B7-3192-43B5-9525-399C42A48752}.Debug|Any CPU.Build.0 = Debug|Any CPU
		{DFD6D4B7-3192-43B5-9525-399C42A48752}.Release|Any CPU.ActiveCfg = Release|Any CPU
		{DFD6D4B7-3192-43B5-9525-399C42A48752}.Release|Any CPU.Build.0 = Release|Any CPU
	EndGlobalSection
	GlobalSection(SolutionProperties) = preSolution
		HideSolutionNode = FALSE
	EndGlobalSection
	GlobalSection(NestedProjects) = preSolution
		{813F3446-287B-4A4F-8A0A-80D30D6114C7} = {BEBFBC53-BD94-4B7F-840C-FFDA11780B46}
		{C1FE2DB1-0F98-4C82-A742-89E656F6B1E8} = {BEBFBC53-BD94-4B7F-840C-FFDA11780B46}
		{F1E651B8-78B9-4A97-A0AF-976A4D715B71} = {BEBFBC53-BD94-4B7F-840C-FFDA11780B46}
		{BB12209B-1F12-4063-90A8-63A5CFA49E1C} = {DD907C61-383D-4736-9DE7-835856CC016A}
		{5B24E86F-840A-4FF2-888D-F0071AC80567} = {DB7C47B2-A9AF-4485-AB36-0FF72F271F2C}
		{6340743B-A497-4A15-AD45-6E757546EEDA} = {5B24E86F-840A-4FF2-888D-F0071AC80567}
		{F9BB1440-8580-4189-9544-C184825CA728} = {DB7C47B2-A9AF-4485-AB36-0FF72F271F2C}
		{E833DD02-67F3-4844-ABC3-3C63789DBBAC} = {F9BB1440-8580-4189-9544-C184825CA728}
		{5130D8D2-F7B3-4405-AD6F-5C80E40E747E} = {DB7C47B2-A9AF-4485-AB36-0FF72F271F2C}
		{DFD6D4B7-3192-43B5-9525-399C42A48752} = {5130D8D2-F7B3-4405-AD6F-5C80E40E747E}
	EndGlobalSection
	GlobalSection(ExtensibilityGlobals) = postSolution
		SolutionGuid = {C10B752F-5CDF-4BBE-BA2F-9D643CD7571F}
	EndGlobalSection
EndGlobal
